// !$*UTF8*$!
{
	archiveVersion = 1;
	classes = {
	};
	objectVersion = 45;
	objects = {

/* Begin PBXBuildFile section */
		00CB59671159F03A00928E4F /* JONTUBusRoute.m in Sources */ = {isa = PBXBuildFile; fileRef = 00CB59641159F03A00928E4F /* JONTUBusRoute.m */; };
		00CB59681159F03A00928E4F /* JONTUBusStop.m in Sources */ = {isa = PBXBuildFile; fileRef = 00CB59661159F03A00928E4F /* JONTUBusStop.m */; };
		00CB596B1159F05A00928E4F /* JONTUBus.m in Sources */ = {isa = PBXBuildFile; fileRef = 00CB596A1159F05A00928E4F /* JONTUBus.m */; };
		00F660B3115C9CD4005DBC45 /* JONTUBusEngine.m in Sources */ = {isa = PBXBuildFile; fileRef = 00F660B2115C9CD4005DBC45 /* JONTUBusEngine.m */; };
		8DD76F9A0486AA7600D96B5E /* NTUBusArrival.m in Sources */ = {isa = PBXBuildFile; fileRef = 08FB7796FE84155DC02AAC07 /* NTUBusArrival.m */; settings = {ATTRIBUTES = (); }; };
		8DD76F9C0486AA7600D96B5E /* Foundation.framework in Frameworks */ = {isa = PBXBuildFile; fileRef = 08FB779EFE84155DC02AAC07 /* Foundation.framework */; };
		8DD76F9F0486AA7600D96B5E /* NTUBusArrival.1 in CopyFiles */ = {isa = PBXBuildFile; fileRef = C6859EA3029092ED04C91782 /* NTUBusArrival.1 */; };
/* End PBXBuildFile section */

/* Begin PBXCopyFilesBuildPhase section */
		8DD76F9E0486AA7600D96B5E /* CopyFiles */ = {
			isa = PBXCopyFilesBuildPhase;
			buildActionMask = 8;
			dstPath = /usr/share/man/man1/;
			dstSubfolderSpec = 0;
			files = (
				8DD76F9F0486AA7600D96B5E /* NTUBusArrival.1 in CopyFiles */,
			);
			runOnlyForDeploymentPostprocessing = 1;
		};
/* End PBXCopyFilesBuildPhase section */

/* Begin PBXFileReference section */
		00CB59631159F03A00928E4F /* JONTUBusRoute.h */ = {isa = PBXFileReference; fileEncoding = 4; lastKnownFileType = sourcecode.c.h; path = JONTUBusRoute.h; sourceTree = "<group>"; };
		00CB59641159F03A00928E4F /* JONTUBusRoute.m */ = {isa = PBXFileReference; fileEncoding = 4; lastKnownFileType = sourcecode.c.objc; path = JONTUBusRoute.m; sourceTree = "<group>"; };
		00CB59651159F03A00928E4F /* JONTUBusStop.h */ = {isa = PBXFileReference; fileEncoding = 4; lastKnownFileType = sourcecode.c.h; path = JONTUBusStop.h; sourceTree = "<group>"; };
		00CB59661159F03A00928E4F /* JONTUBusStop.m */ = {isa = PBXFileReference; fileEncoding = 4; lastKnownFileType = sourcecode.c.objc; path = JONTUBusStop.m; sourceTree = "<group>"; };
		00CB59691159F05A00928E4F /* JONTUBus.h */ = {isa = PBXFileReference; fileEncoding = 4; lastKnownFileType = sourcecode.c.h; path = JONTUBus.h; sourceTree = "<group>"; };
		00CB596A1159F05A00928E4F /* JONTUBus.m */ = {isa = PBXFileReference; fileEncoding = 4; lastKnownFileType = sourcecode.c.objc; path = JONTUBus.m; sourceTree = "<group>"; };
		00F660B1115C9CD4005DBC45 /* JONTUBusEngine.h */ = {isa = PBXFileReference; fileEncoding = 4; lastKnownFileType = sourcecode.c.h; path = JONTUBusEngine.h; sourceTree = "<group>"; };
		00F660B2115C9CD4005DBC45 /* JONTUBusEngine.m */ = {isa = PBXFileReference; fileEncoding = 4; lastKnownFileType = sourcecode.c.objc; path = JONTUBusEngine.m; sourceTree = "<group>"; };
		00F660CB115CA6F3005DBC45 /* SynthesizeSingleton.h */ = {isa = PBXFileReference; fileEncoding = 4; lastKnownFileType = sourcecode.c.h; path = SynthesizeSingleton.h; sourceTree = "<group>"; };
		08FB7796FE84155DC02AAC07 /* NTUBusArrival.m */ = {isa = PBXFileReference; fileEncoding = 4; lastKnownFileType = sourcecode.c.objc; path = NTUBusArrival.m; sourceTree = "<group>"; };
		08FB779EFE84155DC02AAC07 /* Foundation.framework */ = {isa = PBXFileReference; lastKnownFileType = wrapper.framework; name = Foundation.framework; path = /System/Library/Frameworks/Foundation.framework; sourceTree = "<absolute>"; };
		32A70AAB03705E1F00C91783 /* NTUBusArrival_Prefix.pch */ = {isa = PBXFileReference; fileEncoding = 4; lastKnownFileType = sourcecode.c.h; path = NTUBusArrival_Prefix.pch; sourceTree = "<group>"; };
		8DD76FA10486AA7600D96B5E /* NTUBusArrival */ = {isa = PBXFileReference; explicitFileType = "compiled.mach-o.executable"; includeInIndex = 0; path = NTUBusArrival; sourceTree = BUILT_PRODUCTS_DIR; };
		C6859EA3029092ED04C91782 /* NTUBusArrival.1 */ = {isa = PBXFileReference; lastKnownFileType = text.man; path = NTUBusArrival.1; sourceTree = "<group>"; };
/* End PBXFileReference section */

/* Begin PBXFrameworksBuildPhase section */
		8DD76F9B0486AA7600D96B5E /* Frameworks */ = {
			isa = PBXFrameworksBuildPhase;
			buildActionMask = 2147483647;
			files = (
				8DD76F9C0486AA7600D96B5E /* Foundation.framework in Frameworks */,
			);
			runOnlyForDeploymentPostprocessing = 0;
		};
/* End PBXFrameworksBuildPhase section */

/* Begin PBXGroup section */
		00CB595D1159F02E00928E4F /* Classes */ = {
			isa = PBXGroup;
			children = (
				00F660CB115CA6F3005DBC45 /* SynthesizeSingleton.h */,
				00CB59631159F03A00928E4F /* JONTUBusRoute.h */,
				00CB59641159F03A00928E4F /* JONTUBusRoute.m */,
				00CB59651159F03A00928E4F /* JONTUBusStop.h */,
				00CB59661159F03A00928E4F /* JONTUBusStop.m */,
				00CB59691159F05A00928E4F /* JONTUBus.h */,
				00CB596A1159F05A00928E4F /* JONTUBus.m */,
				00F660B1115C9CD4005DBC45 /* JONTUBusEngine.h */,
				00F660B2115C9CD4005DBC45 /* JONTUBusEngine.m */,
			);
			name = Classes;
			sourceTree = "<group>";
		};
		08FB7794FE84155DC02AAC07 /* NTUBusArrival */ = {
			isa = PBXGroup;
			children = (
				00CB595D1159F02E00928E4F /* Classes */,
				08FB7795FE84155DC02AAC07 /* Source */,
				C6859EA2029092E104C91782 /* Documentation */,
				08FB779DFE84155DC02AAC07 /* External Frameworks and Libraries */,
				1AB674ADFE9D54B511CA2CBB /* Products */,
			);
			name = NTUBusArrival;
			sourceTree = "<group>";
		};
		08FB7795FE84155DC02AAC07 /* Source */ = {
			isa = PBXGroup;
			children = (
				32A70AAB03705E1F00C91783 /* NTUBusArrival_Prefix.pch */,
				08FB7796FE84155DC02AAC07 /* NTUBusArrival.m */,
			);
			name = Source;
			sourceTree = "<group>";
		};
		08FB779DFE84155DC02AAC07 /* External Frameworks and Libraries */ = {
			isa = PBXGroup;
			children = (
				08FB779EFE84155DC02AAC07 /* Foundation.framework */,
			);
			name = "External Frameworks and Libraries";
			sourceTree = "<group>";
		};
		1AB674ADFE9D54B511CA2CBB /* Products */ = {
			isa = PBXGroup;
			children = (
				8DD76FA10486AA7600D96B5E /* NTUBusArrival */,
			);
			name = Products;
			sourceTree = "<group>";
		};
		C6859EA2029092E104C91782 /* Documentation */ = {
			isa = PBXGroup;
			children = (
				C6859EA3029092ED04C91782 /* NTUBusArrival.1 */,
			);
			name = Documentation;
			sourceTree = "<group>";
		};
/* End PBXGroup section */

/* Begin PBXNativeTarget section */
		8DD76F960486AA7600D96B5E /* NTUBusArrival */ = {
			isa = PBXNativeTarget;
			buildConfigurationList = 1DEB927408733DD40010E9CD /* Build configuration list for PBXNativeTarget "NTUBusArrival" */;
			buildPhases = (
				8DD76F990486AA7600D96B5E /* Sources */,
				8DD76F9B0486AA7600D96B5E /* Frameworks */,
				8DD76F9E0486AA7600D96B5E /* CopyFiles */,
			);
			buildRules = (
			);
			dependencies = (
			);
			name = NTUBusArrival;
			productInstallPath = "$(HOME)/bin";
			productName = NTUBusArrival;
			productReference = 8DD76FA10486AA7600D96B5E /* NTUBusArrival */;
			productType = "com.apple.product-type.tool";
		};
/* End PBXNativeTarget section */

/* Begin PBXProject section */
		08FB7793FE84155DC02AAC07 /* Project object */ = {
			isa = PBXProject;
			buildConfigurationList = 1DEB927808733DD40010E9CD /* Build configuration list for PBXProject "NTUBusArrival" */;
			compatibilityVersion = "Xcode 3.1";
			hasScannedForEncodings = 1;
			mainGroup = 08FB7794FE84155DC02AAC07 /* NTUBusArrival */;
			projectDirPath = "";
			projectRoot = "";
			targets = (
				8DD76F960486AA7600D96B5E /* NTUBusArrival */,
			);
		};
/* End PBXProject section */

/* Begin PBXSourcesBuildPhase section */
		8DD76F990486AA7600D96B5E /* Sources */ = {
			isa = PBXSourcesBuildPhase;
			buildActionMask = 2147483647;
			files = (
				8DD76F9A0486AA7600D96B5E /* NTUBusArrival.m in Sources */,
				00CB59671159F03A00928E4F /* JONTUBusRoute.m in Sources */,
				00CB59681159F03A00928E4F /* JONTUBusStop.m in Sources */,
				00CB596B1159F05A00928E4F /* JONTUBus.m in Sources */,
				00F660B3115C9CD4005DBC45 /* JONTUBusEngine.m in Sources */,
			);
			runOnlyForDeploymentPostprocessing = 0;
		};
/* End PBXSourcesBuildPhase section */

/* Begin XCBuildConfiguration section */
		1DEB927508733DD40010E9CD /* Debug */ = {
			isa = XCBuildConfiguration;
			buildSettings = {
				ALWAYS_SEARCH_USER_PATHS = NO;
				COPY_PHASE_STRIP = NO;
				GCC_DYNAMIC_NO_PIC = NO;
				GCC_ENABLE_FIX_AND_CONTINUE = YES;
				GCC_MODEL_TUNING = G5;
				GCC_OPTIMIZATION_LEVEL = 0;
				GCC_PRECOMPILE_PREFIX_HEADER = YES;
				GCC_PREFIX_HEADER = NTUBusArrival_Prefix.pch;
				INSTALL_PATH = /usr/local/bin;
				PRODUCT_NAME = NTUBusArrival;
			};
			name = Debug;
		};
		1DEB927608733DD40010E9CD /* Release */ = {
			isa = XCBuildConfiguration;
			buildSettings = {
				ALWAYS_SEARCH_USER_PATHS = NO;
				DEBUG_INFORMATION_FORMAT = "dwarf-with-dsym";
				GCC_MODEL_TUNING = G5;
				GCC_PRECOMPILE_PREFIX_HEADER = YES;
				GCC_PREFIX_HEADER = NTUBusArrival_Prefix.pch;
				INSTALL_PATH = /usr/local/bin;
				PRODUCT_NAME = NTUBusArrival;
			};
			name = Release;
		};
		1DEB927908733DD40010E9CD /* Debug */ = {
			isa = XCBuildConfiguration;
			buildSettings = {
				ARCHS = "$(ARCHS_STANDARD_32_64_BIT)";
				GCC_C_LANGUAGE_STANDARD = gnu99;
				GCC_OPTIMIZATION_LEVEL = 0;
				GCC_VERSION = com.apple.compilers.llvm.clang.1_0;
				GCC_WARN_ABOUT_RETURN_TYPE = YES;
				GCC_WARN_UNUSED_VARIABLE = YES;
				ONLY_ACTIVE_ARCH = YES;
				PREBINDING = NO;
				SDKROOT = macosx10.6;
			};
			name = Debug;
		};
		1DEB927A08733DD40010E9CD /* Release */ = {
			isa = XCBuildConfiguration;
			buildSettings = {
				ARCHS = "$(ARCHS_STANDARD_32_64_BIT)";
				GCC_C_LANGUAGE_STANDARD = gnu99;
				GCC_VERSION = com.apple.compilers.llvm.clang.1_0;
				GCC_WARN_ABOUT_RETURN_TYPE = YES;
				GCC_WARN_UNUSED_VARIABLE = YES;
				PREBINDING = NO;
				SDKROOT = macosx10.6;
			};
			name = Release;
		};
/* End XCBuildConfiguration section */

/* Begin XCConfigurationList section */
		1DEB927408733DD40010E9CD /* Build configuration list for PBXNativeTarget "NTUBusArrival" */ = {
			isa = XCConfigurationList;
			buildConfigurations = (
				1DEB927508733DD40010E9CD /* Debug */,
				1DEB927608733DD40010E9CD /* Release */,
			);
			defaultConfigurationIsVisible = 0;
			defaultConfigurationName = Release;
		};
		1DEB927808733DD40010E9CD /* Build configuration list for PBXProject "NTUBusArrival" */ = {
			isa = XCConfigurationList;
			buildConfigurations = (
				1DEB927908733DD40010E9CD /* Debug */,
				1DEB927A08733DD40010E9CD /* Release */,
			);
			defaultConfigurationIsVisible = 0;
			defaultConfigurationName = Release;
		};
/* End XCConfigurationList section */
	};
	rootObject = 08FB7793FE84155DC02AAC07 /* Project object */;
}
